
Microsoft Visual Studio Solution File, Format Version 12.00
# Visual Studio Version 17
VisualStudioVersion = 17.2.32616.157
MinimumVisualStudioVersion = 10.0.40219.1
Project("{9A19103F-16F7-4668-BE54-9A1E7A4F7556}") = "DimaGame", "DimaGame\DimaGame.csproj", "{B5A80F02-23E5-4B8A-A999-62DEDC67D2CE}"
EndProject
Project("{FAE04EC0-301F-11D3-BF4B-00C04F79EFBC}") = "[DimaGame].Tests", "[DimaGame].Tests\[DimaGame].Tests.csproj", "{F1584858-7E3A-486E-86B5-BCCDED0CD390}"
EndProject
Global
	GlobalSection(SolutionConfigurationPlatforms) = preSolution
		Debug|Any CPU = Debug|Any CPU
		Release|Any CPU = Release|Any CPU
	EndGlobalSection
	GlobalSection(ProjectConfigurationPlatforms) = postSolution
		{B5A80F02-23E5-4B8A-A999-62DEDC67D2CE}.Debug|Any CPU.ActiveCfg = Debug|Any CPU
		{B5A80F02-23E5-4B8A-A999-62DEDC67D2CE}.Debug|Any CPU.Build.0 = Debug|Any CPU
		{B5A80F02-23E5-4B8A-A999-62DEDC67D2CE}.Release|Any CPU.ActiveCfg = Release|Any CPU
		{B5A80F02-23E5-4B8A-A999-62DEDC67D2CE}.Release|Any CPU.Build.0 = Release|Any CPU
		{F1584858-7E3A-486E-86B5-BCCDED0CD390}.Debug|Any CPU.ActiveCfg = Debug|Any CPU
		{F1584858-7E3A-486E-86B5-BCCDED0CD390}.Debug|Any CPU.Build.0 = Debug|Any CPU
		{F1584858-7E3A-486E-86B5-BCCDED0CD390}.Release|Any CPU.ActiveCfg = Release|Any CPU
		{F1584858-7E3A-486E-86B5-BCCDED0CD390}.Release|Any CPU.Build.0 = Release|Any CPU
	EndGlobalSection
	GlobalSection(SolutionProperties) = preSolution
		HideSolutionNode = FALSE
	EndGlobalSection
	GlobalSection(ExtensibilityGlobals) = postSolution
		SolutionGuid = {69BFD74C-F457-45AF-805C-4E2CFE0D551A}
	EndGlobalSection
EndGlobal
